
Microsoft Visual Studio Solution File, Format Version 12.00
# Visual Studio 15
VisualStudioVersion = 15.0.28307.902
MinimumVisualStudioVersion = 10.0.40219.1
Project("{F184B08F-C81C-45F6-A57F-5ABD9991F28F}") = "Shoes.vb", "Shoes.vb\Shoes.vb.vbproj", "{2904E856-E753-40FC-832C-7A442E0AE5AD}"
EndProject
Global
	GlobalSection(SolutionConfigurationPlatforms) = preSolution
		Debug|Any CPU = Debug|Any CPU
		Release|Any CPU = Release|Any CPU
	EndGlobalSection
	GlobalSection(ProjectConfigurationPlatforms) = postSolution
		{2904E856-E753-40FC-832C-7A442E0AE5AD}.Debug|Any CPU.ActiveCfg = Debug|Any CPU
		{2904E856-E753-40FC-832C-7A442E0AE5AD}.Debug|Any CPU.Build.0 = Debug|Any CPU
		{2904E856-E753-40FC-832C-7A442E0AE5AD}.Release|Any CPU.ActiveCfg = Release|Any CPU
		{2904E856-E753-40FC-832C-7A442E0AE5AD}.Release|Any CPU.Build.0 = Release|Any CPU
	EndGlobalSection
	GlobalSection(SolutionProperties) = preSolution
		HideSolutionNode = FALSE
	EndGlobalSection
	GlobalSection(ExtensibilityGlobals) = postSolution
		SolutionGuid = {40BDFC95-1EDD-4DD2-A7F8-BEFCA325CEF6}
	EndGlobalSection
EndGlobal
